PODS:
  - AFNetworking (4.0.1):
    - AFNetworking/NSURLSession (= 4.0.1)
    - AFNetworking/Reachability (= 4.0.1)
    - AFNetworking/Security (= 4.0.1)
    - AFNetworking/Serialization (= 4.0.1)
    - AFNetworking/UIKit (= 4.0.1)
  - AFNetworking/NSURLSession (4.0.1):
    - AFNetworking/Reachability
    - AFNetworking/Security
    - AFNetworking/Serialization
  - AFNetworking/Reachability (4.0.1)
  - AFNetworking/Security (4.0.1)
  - AFNetworking/Serialization (4.0.1)
  - AFNetworking/UIKit (4.0.1):
    - AFNetworking/NSURLSession
  - LookinServer (1.0.4)
  - MJRefresh (3.7.2)
  - SDWebImage (5.11.1):
    - SDWebImage/Core (= 5.11.1)
  - SDWebImage/Core (5.11.1)
  - SnapKit (5.0.1)
  - SVProgressHUD (2.2.5)
  - YYModel (1.0.4)
  - YYText (1.0.7)

DEPENDENCIES:
  - AFNetworking
  - LookinServer
  - MJRefresh
  - SDWebImage
  - SnapKit
  - SVProgressHUD
  - YYModel
  - YYText

SPEC REPOS:
  trunk:
    - AFNetworking
    - LookinServer
    - MJRefresh
    - SDWebImage
    - SnapKit
    - SVProgressHUD
    - YYModel
    - YYText

SPEC CHECKSUMS:
  AFNetworking: 7864c38297c79aaca1500c33288e429c3451fdce
  LookinServer: 743c1681771d0a8dcc38825325a080c3186404a5
  MJRefresh: 30997d30b347c8e9508a4db11e3a690da0c9b85a
  SDWebImage: a7f831e1a65eb5e285e3fb046a23fcfbf08e696d
  SnapKit: 97b92857e3df3a0c71833cce143274bf6ef8e5eb
  SVProgressHUD: 1428aafac632c1f86f62aa4243ec12008d7a51d6
  YYModel: 2a7fdd96aaa4b86a824e26d0c517de8928c04b30
  YYText: 5c461d709e24d55a182d1441c41dc639a18a4849

PODFILE CHECKSUM: fc26ae4198af8bff57f50495df1d2c9922773231

COCOAPODS: 1.10.1
